
Microsoft Visual Studio Solution File, Format Version 12.00
# Visual Studio Version 16
VisualStudioVersion = 16.0.31129.286
MinimumVisualStudioVersion = 10.0.40219.1
Project("{9A19103F-16F7-4668-BE54-9A1E7A4F7556}") = "JM.Integration.Common", "JM.Integration.Common\JM.Integration.Common.csproj", "{83F02778-3525-4CAD-938F-6597C1771CE9}"
EndProject
Project("{9A19103F-16F7-4668-BE54-9A1E7A4F7556}") = "JM.Integration.Methanol.Services", "JM.Integration.Methanol.Services\JM.Integration.Methanol.Services.csproj", "{606CC115-8F02-4E6F-830F-E55FFE212DEE}"
EndProject
Project("{9A19103F-16F7-4668-BE54-9A1E7A4F7556}") = "JM.Methanol.UnitTests", "JM.Methanol.UnitTests\JM.Methanol.UnitTests.csproj", "{D85A0E35-E6D8-4B9B-819E-B4759FA0706B}"
EndProject
Project("{9A19103F-16F7-4668-BE54-9A1E7A4F7556}") = "JM.Integration.Methanol.Common", "JM.Integration.Methanol.Common\JM.Integration.Methanol.Common.csproj", "{E6C6D22C-0D9C-464F-848A-4E5CDEFE62A0}"
EndProject
Project("{9A19103F-16F7-4668-BE54-9A1E7A4F7556}") = "JM.Integration.Methanol.DB", "JM.Integration.Methanol.DB\JM.Integration.Methanol.DB.csproj", "{88072383-3C05-4ED8-AFA3-137F0E965318}"
EndProject
Global
	GlobalSection(SolutionConfigurationPlatforms) = preSolution
		Debug|Any CPU = Debug|Any CPU
		Release|Any CPU = Release|Any CPU
	EndGlobalSection
	GlobalSection(ProjectConfigurationPlatforms) = postSolution
		{83F02778-3525-4CAD-938F-6597C1771CE9}.Debug|Any CPU.ActiveCfg = Debug|Any CPU
		{83F02778-3525-4CAD-938F-6597C1771CE9}.Debug|Any CPU.Build.0 = Debug|Any CPU
		{83F02778-3525-4CAD-938F-6597C1771CE9}.Release|Any CPU.ActiveCfg = Release|Any CPU
		{83F02778-3525-4CAD-938F-6597C1771CE9}.Release|Any CPU.Build.0 = Release|Any CPU
		{606CC115-8F02-4E6F-830F-E55FFE212DEE}.Debug|Any CPU.ActiveCfg = Debug|Any CPU
		{606CC115-8F02-4E6F-830F-E55FFE212DEE}.Debug|Any CPU.Build.0 = Debug|Any CPU
		{606CC115-8F02-4E6F-830F-E55FFE212DEE}.Release|Any CPU.ActiveCfg = Release|Any CPU
		{606CC115-8F02-4E6F-830F-E55FFE212DEE}.Release|Any CPU.Build.0 = Release|Any CPU
		{D85A0E35-E6D8-4B9B-819E-B4759FA0706B}.Debug|Any CPU.ActiveCfg = Debug|Any CPU
		{D85A0E35-E6D8-4B9B-819E-B4759FA0706B}.Debug|Any CPU.Build.0 = Debug|Any CPU
		{D85A0E35-E6D8-4B9B-819E-B4759FA0706B}.Release|Any CPU.ActiveCfg = Release|Any CPU
		{D85A0E35-E6D8-4B9B-819E-B4759FA0706B}.Release|Any CPU.Build.0 = Release|Any CPU
		{E6C6D22C-0D9C-464F-848A-4E5CDEFE62A0}.Debug|Any CPU.ActiveCfg = Debug|Any CPU
		{E6C6D22C-0D9C-464F-848A-4E5CDEFE62A0}.Debug|Any CPU.Build.0 = Debug|Any CPU
		{E6C6D22C-0D9C-464F-848A-4E5CDEFE62A0}.Release|Any CPU.ActiveCfg = Release|Any CPU
		{E6C6D22C-0D9C-464F-848A-4E5CDEFE62A0}.Release|Any CPU.Build.0 = Release|Any CPU
		{88072383-3C05-4ED8-AFA3-137F0E965318}.Debug|Any CPU.ActiveCfg = Debug|Any CPU
		{88072383-3C05-4ED8-AFA3-137F0E965318}.Debug|Any CPU.Build.0 = Debug|Any CPU
		{88072383-3C05-4ED8-AFA3-137F0E965318}.Release|Any CPU.ActiveCfg = Release|Any CPU
		{88072383-3C05-4ED8-AFA3-137F0E965318}.Release|Any CPU.Build.0 = Release|Any CPU
	EndGlobalSection
	GlobalSection(SolutionProperties) = preSolution
		HideSolutionNode = FALSE
	EndGlobalSection
	GlobalSection(ExtensibilityGlobals) = postSolution
		SolutionGuid = {AB99BD4E-921F-494A-B845-7E7F4ED590EA}
	EndGlobalSection
EndGlobal
